{
  "name": "workspace",
  "lockfileVersion": 3,
  "requires": true,
  "packages": {
    "": {
      "dependencies": {
        "ag-grid-community": "^32.2.2"
      }
    },
    "node_modules/ag-charts-types": {
      "version": "10.2.0",
      "resolved": "https://registry.npmjs.org/ag-charts-types/-/ag-charts-types-10.2.0.tgz",
      "integrity": "sha512-PUqH1QtugpYLnlbMdeSZVf5PpT1XZVsP69qN1JXhetLtQpVC28zaj7ikwu9CMA9N9b+dBboA9QcjUQUJZVUokQ==",
      "license": "MIT"
    },
    "node_modules/ag-grid-community": {
      "version": "32.2.2",
      "resolved": "https://registry.npmjs.org/ag-grid-community/-/ag-grid-community-32.2.2.tgz",
      "integrity": "sha512-RQluoEXbTCkYHHwmOUzG4wGBX3yQffFH+52aWJUAFqFKNNHYKYGhjvH2iuAa2xw3CWva1hupUaDpP+Rol32Arg==",
      "license": "MIT",
      "dependencies": {
        "ag-charts-types": "10.2.0"
      }
    }
  }
}
